
Microsoft Visual Studio Solution File, Format Version 12.00
# Visual Studio 15
VisualStudioVersion = 15.0.28307.421
MinimumVisualStudioVersion = 10.0.40219.1
Project("{FAE04EC0-301F-11D3-BF4B-00C04F79EFBC}") = "MLearning", "MLearning\MLearning.csproj", "{847F2646-3F82-4C0F-A0A6-EC32CEE49D38}"
EndProject
Global
	GlobalSection(SolutionConfigurationPlatforms) = preSolution
		Debug|Any CPU = Debug|Any CPU
		Release|Any CPU = Release|Any CPU
	EndGlobalSection
	GlobalSection(ProjectConfigurationPlatforms) = postSolution
		{847F2646-3F82-4C0F-A0A6-EC32CEE49D38}.Debug|Any CPU.ActiveCfg = Debug|Any CPU
		{847F2646-3F82-4C0F-A0A6-EC32CEE49D38}.Debug|Any CPU.Build.0 = Debug|Any CPU
		{847F2646-3F82-4C0F-A0A6-EC32CEE49D38}.Release|Any CPU.ActiveCfg = Release|Any CPU
		{847F2646-3F82-4C0F-A0A6-EC32CEE49D38}.Release|Any CPU.Build.0 = Release|Any CPU
	EndGlobalSection
	GlobalSection(SolutionProperties) = preSolution
		HideSolutionNode = FALSE
	EndGlobalSection
	GlobalSection(ExtensibilityGlobals) = postSolution
		SolutionGuid = {08C552DA-BBFF-4113-AC63-F0FC01B80F44}
	EndGlobalSection
EndGlobal
